
Microsoft Visual Studio Solution File, Format Version 12.00
# Visual Studio Version 17
VisualStudioVersion = 17.2.32630.192
MinimumVisualStudioVersion = 10.0.40219.1
Project("{9A19103F-16F7-4668-BE54-9A1E7A4F7556}") = "D1-Swap", "Doubt-Session-1\D1-Swap.csproj", "{2D95DB29-F3B8-47AF-8BF1-E535A29D5B52}"
EndProject
Project("{9A19103F-16F7-4668-BE54-9A1E7A4F7556}") = "D1-Mul-Float", "D1-Mul-Float\D1-Mul-Float.csproj", "{1DC0EFBC-DD2A-4930-88C9-79DCA960E6EA}"
EndProject
Project("{9A19103F-16F7-4668-BE54-9A1E7A4F7556}") = "D1-Arithmatic-Op", "D1-Arithmatic-Op\D1-Arithmatic-Op.csproj", "{4ADFA103-13BF-42AF-8A79-E87793227052}"
EndProject
Project("{9A19103F-16F7-4668-BE54-9A1E7A4F7556}") = "D1-Convert-Feet-Meter", "D1-Convert-Feet-Meter\D1-Convert-Feet-Meter.csproj", "{C1DB0991-9D62-4509-B764-09240551A7C2}"
EndProject
Project("{9A19103F-16F7-4668-BE54-9A1E7A4F7556}") = "D1-Convert-Temp", "D1-Convert-Temp-C-F\D1-Convert-Temp.csproj", "{527334F2-9D23-4196-AFCE-9EEC7F14068A}"
EndProject
Project("{9A19103F-16F7-4668-BE54-9A1E7A4F7556}") = "SizeofAndASCII", "SizeOf\SizeofAndASCII.csproj", "{0F4EB422-4D29-4BF9-9683-8BFECCEEB643}"
EndProject
Project("{9A19103F-16F7-4668-BE54-9A1E7A4F7556}") = "D1-Area", "D1-Area\D1-Area.csproj", "{CEFE5419-F02D-4571-996B-57BFA1898F66}"
EndProject
Project("{9A19103F-16F7-4668-BE54-9A1E7A4F7556}") = "DayToYearWeeksDays", "DayToYearWeeksDays\DayToYearWeeksDays.csproj", "{9EB3C113-E5F3-4CCF-8DF7-A2B91E8C133D}"
EndProject
Project("{9A19103F-16F7-4668-BE54-9A1E7A4F7556}") = "BubbleSort", "BubbleSort\BubbleSort.csproj", "{913C418E-BC5C-45E2-BDB5-26870E6B5661}"
EndProject
Project("{9A19103F-16F7-4668-BE54-9A1E7A4F7556}") = "D1-BST", "D1-BST\D1-BST.csproj", "{322C46C8-8595-4B32-B0F7-489FA464D19C}"
EndProject
Project("{9A19103F-16F7-4668-BE54-9A1E7A4F7556}") = "D1-OOP-Concepts (own)", "D1-OOP-Concepts\D1-OOP-Concepts (own).csproj", "{CB49770F-710F-471E-B34C-1C8D083674CC}"
EndProject
Project("{FAE04EC0-301F-11D3-BF4B-00C04F79EFBC}") = "D1-OOP-Concept", "D1-OOP-Concept\D1-OOP-Concept.csproj", "{AD7BC587-09C7-45F1-9F94-E3F4D5FA372B}"
EndProject
Global
	GlobalSection(SolutionConfigurationPlatforms) = preSolution
		Debug|Any CPU = Debug|Any CPU
		Release|Any CPU = Release|Any CPU
	EndGlobalSection
	GlobalSection(ProjectConfigurationPlatforms) = postSolution
		{2D95DB29-F3B8-47AF-8BF1-E535A29D5B52}.Debug|Any CPU.ActiveCfg = Debug|Any CPU
		{2D95DB29-F3B8-47AF-8BF1-E535A29D5B52}.Debug|Any CPU.Build.0 = Debug|Any CPU
		{2D95DB29-F3B8-47AF-8BF1-E535A29D5B52}.Release|Any CPU.ActiveCfg = Release|Any CPU
		{2D95DB29-F3B8-47AF-8BF1-E535A29D5B52}.Release|Any CPU.Build.0 = Release|Any CPU
		{1DC0EFBC-DD2A-4930-88C9-79DCA960E6EA}.Debug|Any CPU.ActiveCfg = Debug|Any CPU
		{1DC0EFBC-DD2A-4930-88C9-79DCA960E6EA}.Debug|Any CPU.Build.0 = Debug|Any CPU
		{1DC0EFBC-DD2A-4930-88C9-79DCA960E6EA}.Release|Any CPU.ActiveCfg = Release|Any CPU
		{1DC0EFBC-DD2A-4930-88C9-79DCA960E6EA}.Release|Any CPU.Build.0 = Release|Any CPU
		{4ADFA103-13BF-42AF-8A79-E87793227052}.Debug|Any CPU.ActiveCfg = Debug|Any CPU
		{4ADFA103-13BF-42AF-8A79-E87793227052}.Debug|Any CPU.Build.0 = Debug|Any CPU
		{4ADFA103-13BF-42AF-8A79-E87793227052}.Release|Any CPU.ActiveCfg = Release|Any CPU
		{4ADFA103-13BF-42AF-8A79-E87793227052}.Release|Any CPU.Build.0 = Release|Any CPU
		{C1DB0991-9D62-4509-B764-09240551A7C2}.Debug|Any CPU.ActiveCfg = Debug|Any CPU
		{C1DB0991-9D62-4509-B764-09240551A7C2}.Debug|Any CPU.Build.0 = Debug|Any CPU
		{C1DB0991-9D62-4509-B764-09240551A7C2}.Release|Any CPU.ActiveCfg = Release|Any CPU
		{C1DB0991-9D62-4509-B764-09240551A7C2}.Release|Any CPU.Build.0 = Release|Any CPU
		{527334F2-9D23-4196-AFCE-9EEC7F14068A}.Debug|Any CPU.ActiveCfg = Debug|Any CPU
		{527334F2-9D23-4196-AFCE-9EEC7F14068A}.Debug|Any CPU.Build.0 = Debug|Any CPU
		{527334F2-9D23-4196-AFCE-9EEC7F14068A}.Release|Any CPU.ActiveCfg = Release|Any CPU
		{527334F2-9D23-4196-AFCE-9EEC7F14068A}.Release|Any CPU.Build.0 = Release|Any CPU
		{0F4EB422-4D29-4BF9-9683-8BFECCEEB643}.Debug|Any CPU.ActiveCfg = Debug|Any CPU
		{0F4EB422-4D29-4BF9-9683-8BFECCEEB643}.Debug|Any CPU.Build.0 = Debug|Any CPU
		{0F4EB422-4D29-4BF9-9683-8BFECCEEB643}.Release|Any CPU.ActiveCfg = Release|Any CPU
		{0F4EB422-4D29-4BF9-9683-8BFECCEEB643}.Release|Any CPU.Build.0 = Release|Any CPU
		{CEFE5419-F02D-4571-996B-57BFA1898F66}.Debug|Any CPU.ActiveCfg = Debug|Any CPU
		{CEFE5419-F02D-4571-996B-57BFA1898F66}.Debug|Any CPU.Build.0 = Debug|Any CPU
		{CEFE5419-F02D-4571-996B-57BFA1898F66}.Release|Any CPU.ActiveCfg = Release|Any CPU
		{CEFE5419-F02D-4571-996B-57BFA1898F66}.Release|Any CPU.Build.0 = Release|Any CPU
		{9EB3C113-E5F3-4CCF-8DF7-A2B91E8C133D}.Debug|Any CPU.ActiveCfg = Debug|Any CPU
		{9EB3C113-E5F3-4CCF-8DF7-A2B91E8C133D}.Debug|Any CPU.Build.0 = Debug|Any CPU
		{9EB3C113-E5F3-4CCF-8DF7-A2B91E8C133D}.Release|Any CPU.ActiveCfg = Release|Any CPU
		{9EB3C113-E5F3-4CCF-8DF7-A2B91E8C133D}.Release|Any CPU.Build.0 = Release|Any CPU
		{913C418E-BC5C-45E2-BDB5-26870E6B5661}.Debug|Any CPU.ActiveCfg = Debug|Any CPU
		{913C418E-BC5C-45E2-BDB5-26870E6B5661}.Debug|Any CPU.Build.0 = Debug|Any CPU
		{913C418E-BC5C-45E2-BDB5-26870E6B5661}.Release|Any CPU.ActiveCfg = Release|Any CPU
		{913C418E-BC5C-45E2-BDB5-26870E6B5661}.Release|Any CPU.Build.0 = Release|Any CPU
		{322C46C8-8595-4B32-B0F7-489FA464D19C}.Debug|Any CPU.ActiveCfg = Debug|Any CPU
		{322C46C8-8595-4B32-B0F7-489FA464D19C}.Debug|Any CPU.Build.0 = Debug|Any CPU
		{322C46C8-8595-4B32-B0F7-489FA464D19C}.Release|Any CPU.ActiveCfg = Release|Any CPU
		{322C46C8-8595-4B32-B0F7-489FA464D19C}.Release|Any CPU.Build.0 = Release|Any CPU
		{CB49770F-710F-471E-B34C-1C8D083674CC}.Debug|Any CPU.ActiveCfg = Debug|Any CPU
		{CB49770F-710F-471E-B34C-1C8D083674CC}.Debug|Any CPU.Build.0 = Debug|Any CPU
		{CB49770F-710F-471E-B34C-1C8D083674CC}.Release|Any CPU.ActiveCfg = Release|Any CPU
		{CB49770F-710F-471E-B34C-1C8D083674CC}.Release|Any CPU.Build.0 = Release|Any CPU
		{AD7BC587-09C7-45F1-9F94-E3F4D5FA372B}.Debug|Any CPU.ActiveCfg = Debug|Any CPU
		{AD7BC587-09C7-45F1-9F94-E3F4D5FA372B}.Debug|Any CPU.Build.0 = Debug|Any CPU
		{AD7BC587-09C7-45F1-9F94-E3F4D5FA372B}.Release|Any CPU.ActiveCfg = Release|Any CPU
		{AD7BC587-09C7-45F1-9F94-E3F4D5FA372B}.Release|Any CPU.Build.0 = Release|Any CPU
	EndGlobalSection
	GlobalSection(SolutionProperties) = preSolution
		HideSolutionNode = FALSE
	EndGlobalSection
	GlobalSection(ExtensibilityGlobals) = postSolution
		SolutionGuid = {5CED133B-BE39-4170-8774-CF8945FFAFD1}
	EndGlobalSection
EndGlobal
