
Microsoft Visual Studio Solution File, Format Version 12.00
# Visual Studio Version 17
VisualStudioVersion = 17.2.32630.192
MinimumVisualStudioVersion = 10.0.40219.1
Project("{9A19103F-16F7-4668-BE54-9A1E7A4F7556}") = "D1-Mul-Float", "D1-Mul-Float\D1-Mul-Float.csproj", "{1DC0EFBC-DD2A-4930-88C9-79DCA960E6EA}"
EndProject
Project("{9A19103F-16F7-4668-BE54-9A1E7A4F7556}") = "D1-Arithmatic-Op", "D1-Arithmatic-Op\D1-Arithmatic-Op.csproj", "{4ADFA103-13BF-42AF-8A79-E87793227052}"
EndProject
Project("{9A19103F-16F7-4668-BE54-9A1E7A4F7556}") = "D1-Convert-Feet-Meter", "D1-Convert-Feet-Meter\D1-Convert-Feet-Meter.csproj", "{C1DB0991-9D62-4509-B764-09240551A7C2}"
EndProject
Project("{9A19103F-16F7-4668-BE54-9A1E7A4F7556}") = "D1-Convert-Temp", "D1-Convert-Temp-C-F\D1-Convert-Temp.csproj", "{527334F2-9D23-4196-AFCE-9EEC7F14068A}"
EndProject
Project("{9A19103F-16F7-4668-BE54-9A1E7A4F7556}") = "D1-Area", "D1-Area\D1-Area.csproj", "{CEFE5419-F02D-4571-996B-57BFA1898F66}"
EndProject
Project("{9A19103F-16F7-4668-BE54-9A1E7A4F7556}") = "D1-BST", "D1-BST\D1-BST.csproj", "{322C46C8-8595-4B32-B0F7-489FA464D19C}"
EndProject
Project("{9A19103F-16F7-4668-BE54-9A1E7A4F7556}") = "D1-OOP-Concept", "D1-OOP-Concept\D1-OOP-Concept.csproj", "{AD7BC587-09C7-45F1-9F94-E3F4D5FA372B}"
EndProject
Project("{9A19103F-16F7-4668-BE54-9A1E7A4F7556}") = "D1-Swap", "D1-Swap\D1-Swap.csproj", "{48BD6E3A-AC89-4670-97DA-6DA966AE32E0}"
EndProject
Project("{9A19103F-16F7-4668-BE54-9A1E7A4F7556}") = "D1-BubbleSort", "D1-BubbleSort\D1-BubbleSort.csproj", "{226CD3D1-0010-4528-95B8-6CFD62D5A10E}"
EndProject
Project("{9A19103F-16F7-4668-BE54-9A1E7A4F7556}") = "D1-DayToYearWeeksDays", "D1-DayToYearWeeksDays\D1-DayToYearWeeksDays.csproj", "{841EA841-D814-4660-B09E-37E02ECD7D7E}"
EndProject
Project("{9A19103F-16F7-4668-BE54-9A1E7A4F7556}") = "D1-SizeofAndASCII", "D1-SizeofAndASCII\D1-SizeofAndASCII.csproj", "{EDF07E2B-6859-4ABF-A7E8-90D09CA5142B}"
EndProject
Project("{9A19103F-16F7-4668-BE54-9A1E7A4F7556}") = "D1-OOP-Concepts (own)", "D1-OOP-Concepts(Own)\D1-OOP-Concepts (own).csproj", "{FC411A70-83B4-424B-AFE7-7E9864DC66DE}"
EndProject
Project("{FAE04EC0-301F-11D3-BF4B-00C04F79EFBC}") = "D1-Test", "D1-Test\D1-Test.csproj", "{90AFD528-9E95-4735-81FC-0C0CBD25B8E3}"
EndProject
Project("{9A19103F-16F7-4668-BE54-9A1E7A4F7556}") = "D1-ReadingAndWritingFile", "D1-ReadingAndWritingFile\D1-ReadingAndWritingFile.csproj", "{39765CD0-E8A5-4CE7-A8CD-2AEADD8C5E4D}"
EndProject
Global
	GlobalSection(SolutionConfigurationPlatforms) = preSolution
		Debug|Any CPU = Debug|Any CPU
		Release|Any CPU = Release|Any CPU
	EndGlobalSection
	GlobalSection(ProjectConfigurationPlatforms) = postSolution
		{1DC0EFBC-DD2A-4930-88C9-79DCA960E6EA}.Debug|Any CPU.ActiveCfg = Debug|Any CPU
		{1DC0EFBC-DD2A-4930-88C9-79DCA960E6EA}.Debug|Any CPU.Build.0 = Debug|Any CPU
		{1DC0EFBC-DD2A-4930-88C9-79DCA960E6EA}.Release|Any CPU.ActiveCfg = Release|Any CPU
		{1DC0EFBC-DD2A-4930-88C9-79DCA960E6EA}.Release|Any CPU.Build.0 = Release|Any CPU
		{4ADFA103-13BF-42AF-8A79-E87793227052}.Debug|Any CPU.ActiveCfg = Debug|Any CPU
		{4ADFA103-13BF-42AF-8A79-E87793227052}.Debug|Any CPU.Build.0 = Debug|Any CPU
		{4ADFA103-13BF-42AF-8A79-E87793227052}.Release|Any CPU.ActiveCfg = Release|Any CPU
		{4ADFA103-13BF-42AF-8A79-E87793227052}.Release|Any CPU.Build.0 = Release|Any CPU
		{C1DB0991-9D62-4509-B764-09240551A7C2}.Debug|Any CPU.ActiveCfg = Debug|Any CPU
		{C1DB0991-9D62-4509-B764-09240551A7C2}.Debug|Any CPU.Build.0 = Debug|Any CPU
		{C1DB0991-9D62-4509-B764-09240551A7C2}.Release|Any CPU.ActiveCfg = Release|Any CPU
		{C1DB0991-9D62-4509-B764-09240551A7C2}.Release|Any CPU.Build.0 = Release|Any CPU
		{527334F2-9D23-4196-AFCE-9EEC7F14068A}.Debug|Any CPU.ActiveCfg = Debug|Any CPU
		{527334F2-9D23-4196-AFCE-9EEC7F14068A}.Debug|Any CPU.Build.0 = Debug|Any CPU
		{527334F2-9D23-4196-AFCE-9EEC7F14068A}.Release|Any CPU.ActiveCfg = Release|Any CPU
		{527334F2-9D23-4196-AFCE-9EEC7F14068A}.Release|Any CPU.Build.0 = Release|Any CPU
		{CEFE5419-F02D-4571-996B-57BFA1898F66}.Debug|Any CPU.ActiveCfg = Debug|Any CPU
		{CEFE5419-F02D-4571-996B-57BFA1898F66}.Debug|Any CPU.Build.0 = Debug|Any CPU
		{CEFE5419-F02D-4571-996B-57BFA1898F66}.Release|Any CPU.ActiveCfg = Release|Any CPU
		{CEFE5419-F02D-4571-996B-57BFA1898F66}.Release|Any CPU.Build.0 = Release|Any CPU
		{322C46C8-8595-4B32-B0F7-489FA464D19C}.Debug|Any CPU.ActiveCfg = Debug|Any CPU
		{322C46C8-8595-4B32-B0F7-489FA464D19C}.Debug|Any CPU.Build.0 = Debug|Any CPU
		{322C46C8-8595-4B32-B0F7-489FA464D19C}.Release|Any CPU.ActiveCfg = Release|Any CPU
		{322C46C8-8595-4B32-B0F7-489FA464D19C}.Release|Any CPU.Build.0 = Release|Any CPU
		{AD7BC587-09C7-45F1-9F94-E3F4D5FA372B}.Debug|Any CPU.ActiveCfg = Debug|Any CPU
		{AD7BC587-09C7-45F1-9F94-E3F4D5FA372B}.Debug|Any CPU.Build.0 = Debug|Any CPU
		{AD7BC587-09C7-45F1-9F94-E3F4D5FA372B}.Release|Any CPU.ActiveCfg = Release|Any CPU
		{AD7BC587-09C7-45F1-9F94-E3F4D5FA372B}.Release|Any CPU.Build.0 = Release|Any CPU
		{48BD6E3A-AC89-4670-97DA-6DA966AE32E0}.Debug|Any CPU.ActiveCfg = Debug|Any CPU
		{48BD6E3A-AC89-4670-97DA-6DA966AE32E0}.Debug|Any CPU.Build.0 = Debug|Any CPU
		{48BD6E3A-AC89-4670-97DA-6DA966AE32E0}.Release|Any CPU.ActiveCfg = Release|Any CPU
		{48BD6E3A-AC89-4670-97DA-6DA966AE32E0}.Release|Any CPU.Build.0 = Release|Any CPU
		{226CD3D1-0010-4528-95B8-6CFD62D5A10E}.Debug|Any CPU.ActiveCfg = Debug|Any CPU
		{226CD3D1-0010-4528-95B8-6CFD62D5A10E}.Debug|Any CPU.Build.0 = Debug|Any CPU
		{226CD3D1-0010-4528-95B8-6CFD62D5A10E}.Release|Any CPU.ActiveCfg = Release|Any CPU
		{226CD3D1-0010-4528-95B8-6CFD62D5A10E}.Release|Any CPU.Build.0 = Release|Any CPU
		{841EA841-D814-4660-B09E-37E02ECD7D7E}.Debug|Any CPU.ActiveCfg = Debug|Any CPU
		{841EA841-D814-4660-B09E-37E02ECD7D7E}.Debug|Any CPU.Build.0 = Debug|Any CPU
		{841EA841-D814-4660-B09E-37E02ECD7D7E}.Release|Any CPU.ActiveCfg = Release|Any CPU
		{841EA841-D814-4660-B09E-37E02ECD7D7E}.Release|Any CPU.Build.0 = Release|Any CPU
		{EDF07E2B-6859-4ABF-A7E8-90D09CA5142B}.Debug|Any CPU.ActiveCfg = Debug|Any CPU
		{EDF07E2B-6859-4ABF-A7E8-90D09CA5142B}.Debug|Any CPU.Build.0 = Debug|Any CPU
		{EDF07E2B-6859-4ABF-A7E8-90D09CA5142B}.Release|Any CPU.ActiveCfg = Release|Any CPU
		{EDF07E2B-6859-4ABF-A7E8-90D09CA5142B}.Release|Any CPU.Build.0 = Release|Any CPU
		{FC411A70-83B4-424B-AFE7-7E9864DC66DE}.Debug|Any CPU.ActiveCfg = Debug|Any CPU
		{FC411A70-83B4-424B-AFE7-7E9864DC66DE}.Debug|Any CPU.Build.0 = Debug|Any CPU
		{FC411A70-83B4-424B-AFE7-7E9864DC66DE}.Release|Any CPU.ActiveCfg = Release|Any CPU
		{FC411A70-83B4-424B-AFE7-7E9864DC66DE}.Release|Any CPU.Build.0 = Release|Any CPU
		{90AFD528-9E95-4735-81FC-0C0CBD25B8E3}.Debug|Any CPU.ActiveCfg = Debug|Any CPU
		{90AFD528-9E95-4735-81FC-0C0CBD25B8E3}.Debug|Any CPU.Build.0 = Debug|Any CPU
		{90AFD528-9E95-4735-81FC-0C0CBD25B8E3}.Release|Any CPU.ActiveCfg = Release|Any CPU
		{90AFD528-9E95-4735-81FC-0C0CBD25B8E3}.Release|Any CPU.Build.0 = Release|Any CPU
		{39765CD0-E8A5-4CE7-A8CD-2AEADD8C5E4D}.Debug|Any CPU.ActiveCfg = Debug|Any CPU
		{39765CD0-E8A5-4CE7-A8CD-2AEADD8C5E4D}.Debug|Any CPU.Build.0 = Debug|Any CPU
		{39765CD0-E8A5-4CE7-A8CD-2AEADD8C5E4D}.Release|Any CPU.ActiveCfg = Release|Any CPU
		{39765CD0-E8A5-4CE7-A8CD-2AEADD8C5E4D}.Release|Any CPU.Build.0 = Release|Any CPU
	EndGlobalSection
	GlobalSection(SolutionProperties) = preSolution
		HideSolutionNode = FALSE
	EndGlobalSection
	GlobalSection(ExtensibilityGlobals) = postSolution
		SolutionGuid = {5CED133B-BE39-4170-8774-CF8945FFAFD1}
	EndGlobalSection
EndGlobal
